
Microsoft Visual Studio Solution File, Format Version 12.00
# Visual Studio 14
VisualStudioVersion = 14.0.25420.1
MinimumVisualStudioVersion = 10.0.40219.1
Project("{FAE04EC0-301F-11D3-BF4B-00C04F79EFBC}") = "FeatureFlags", "FeatureFlags\FeatureFlags.csproj", "{C2E4A1DC-A1AF-4371-9FE6-A1B5325ACFDC}"
EndProject
Project("{FAE04EC0-301F-11D3-BF4B-00C04F79EFBC}") = "FeatureFlags.Tests", "FeatureFlags.Tests\FeatureFlags.Tests.csproj", "{BD9E27CB-E6D8-490F-9923-EC47356C01B2}"
EndProject
Project("{2150E333-8FDC-42A3-9474-1A3956D46DE8}") = "build", "build", "{2C0A576B-BA2F-433C-BD29-E3548D0CDBC5}"
	ProjectSection(SolutionItems) = preProject
		..\.travis.yml = ..\.travis.yml
	EndProjectSection
EndProject
Project("{2150E333-8FDC-42A3-9474-1A3956D46DE8}") = "scripts", "scripts", "{A7DDB09E-FE64-4B6A-A458-4844C0CF78B8}"
	ProjectSection(SolutionItems) = preProject
		..\Scripts\DeployingNuget.sh = ..\Scripts\DeployingNuget.sh
		..\Scripts\IncrementVersion.sh = ..\Scripts\IncrementVersion.sh
	EndProjectSection
EndProject
Global
	GlobalSection(SolutionConfigurationPlatforms) = preSolution
		Debug|Any CPU = Debug|Any CPU
		Release|Any CPU = Release|Any CPU
	EndGlobalSection
	GlobalSection(ProjectConfigurationPlatforms) = postSolution
		{C2E4A1DC-A1AF-4371-9FE6-A1B5325ACFDC}.Debug|Any CPU.ActiveCfg = Debug|Any CPU
		{C2E4A1DC-A1AF-4371-9FE6-A1B5325ACFDC}.Debug|Any CPU.Build.0 = Debug|Any CPU
		{C2E4A1DC-A1AF-4371-9FE6-A1B5325ACFDC}.Release|Any CPU.ActiveCfg = Release|Any CPU
		{C2E4A1DC-A1AF-4371-9FE6-A1B5325ACFDC}.Release|Any CPU.Build.0 = Release|Any CPU
		{BD9E27CB-E6D8-490F-9923-EC47356C01B2}.Debug|Any CPU.ActiveCfg = Debug|Any CPU
		{BD9E27CB-E6D8-490F-9923-EC47356C01B2}.Debug|Any CPU.Build.0 = Debug|Any CPU
		{BD9E27CB-E6D8-490F-9923-EC47356C01B2}.Release|Any CPU.ActiveCfg = Release|Any CPU
		{BD9E27CB-E6D8-490F-9923-EC47356C01B2}.Release|Any CPU.Build.0 = Release|Any CPU
	EndGlobalSection
	GlobalSection(SolutionProperties) = preSolution
		HideSolutionNode = FALSE
	EndGlobalSection
EndGlobal
